
Microsoft Visual Studio Solution File, Format Version 12.00
# Visual Studio Version 17
VisualStudioVersion = 17.11.35312.102
MinimumVisualStudioVersion = 10.0.40219.1
Project("{2150E333-8FDC-42A3-9474-1A3956D46DE8}") = "src", "src", "{6C118CB1-CBEC-4AAD-A851-3421EE3A51E4}"
EndProject
Project("{2150E333-8FDC-42A3-9474-1A3956D46DE8}") = "Services", "Services", "{7E240E08-FD35-48E2-B833-DAE30BA62465}"
EndProject
Project("{2150E333-8FDC-42A3-9474-1A3956D46DE8}") = "UserService", "UserService", "{3D1FEE9F-3597-4DF6-BAD1-F5AC19B09AAB}"
EndProject
Project("{9A19103F-16F7-4668-BE54-9A1E7A4F7556}") = "UserService.API", "Services\UserService\UserService.API\UserService.API.csproj", "{B3C40F91-C581-4EC0-962C-5C96883CF970}"
EndProject
Project("{9A19103F-16F7-4668-BE54-9A1E7A4F7556}") = "UserService.Infrastructure", "Services\UserService\UserService.Infrastructure\UserService.Infrastructure.csproj", "{D287E207-7D13-4DA0-B7F3-CB0AA59B9782}"
EndProject
Project("{9A19103F-16F7-4668-BE54-9A1E7A4F7556}") = "UserService.Core", "Services\UserService\UserService.Core\UserService.Core.csproj", "{6B8B64D0-0165-4B8D-93D5-230FAA52AAE6}"
EndProject
Project("{9A19103F-16F7-4668-BE54-9A1E7A4F7556}") = "UserService.Application", "Services\UserService\UserService.Application\UserService.Application.csproj", "{4550D62C-9BE1-41EC-A8C8-BA820E226073}"
EndProject
Project("{2150E333-8FDC-42A3-9474-1A3956D46DE8}") = "StoreService", "StoreService", "{4D5207DB-C20C-4E31-AE24-CAE185076C65}"
EndProject
Project("{9A19103F-16F7-4668-BE54-9A1E7A4F7556}") = "StoreService.API", "Services\StoreService\StoreService.API\StoreService.API.csproj", "{A937D1ED-6B26-48FF-ACD3-02C05A9CC815}"
EndProject
Project("{9A19103F-16F7-4668-BE54-9A1E7A4F7556}") = "StoreService.Application", "Services\StoreService\StoreService.Application\StoreService.Application.csproj", "{84513F4B-F4F1-4FD5-81A4-13FBBF293D9C}"
EndProject
Project("{9A19103F-16F7-4668-BE54-9A1E7A4F7556}") = "StoreService.Core", "Services\StoreService\StoreService.Core\StoreService.Core.csproj", "{D5A70032-3B50-457E-ABB8-AE626236C7AF}"
EndProject
Project("{9A19103F-16F7-4668-BE54-9A1E7A4F7556}") = "StoreService.Infrastructure", "Services\StoreService\StoreService.Infrastructure\StoreService.Infrastructure.csproj", "{61E05D0B-A048-4043-B35E-C48BC6BCCF9A}"
EndProject
Project("{2150E333-8FDC-42A3-9474-1A3956D46DE8}") = "OrderService", "OrderService", "{2721DAFF-CF9F-465B-ABF4-DDC4D993A3E8}"
EndProject
Project("{9A19103F-16F7-4668-BE54-9A1E7A4F7556}") = "OrderService.Core", "Services\OrderService\OrderService.Core\OrderService.Core.csproj", "{EA19180D-D588-4810-A21B-80AFD8A9C0AC}"
EndProject
Project("{9A19103F-16F7-4668-BE54-9A1E7A4F7556}") = "OrderService.API", "Services\OrderService\OrderService.API\OrderService.API.csproj", "{F2326013-11EA-46E4-B8FE-2CCD6D906309}"
EndProject
Project("{9A19103F-16F7-4668-BE54-9A1E7A4F7556}") = "OrderService.Infrastructure", "Services\OrderService\OrderService.Infrastructure\OrderService.Infrastructure.csproj", "{3AA03822-6E25-4BEF-9EF0-8B5F3EE2443D}"
EndProject
Project("{9A19103F-16F7-4668-BE54-9A1E7A4F7556}") = "OrderService.Application", "Services\OrderService\OrderService.Application\OrderService.Application.csproj", "{FF6C62D1-4155-4891-A835-C9733920D572}"
EndProject
Project("{E53339B2-1760-4266-BCC7-CA923CBCF16C}") = "docker-compose", "docker-compose.dcproj", "{52047743-F014-4082-81EB-6E57995D6810}"
EndProject
Project("{2150E333-8FDC-42A3-9474-1A3956D46DE8}") = "EventBus", "EventBus", "{1FA8EEDB-994E-415A-B5F2-344F576F465E}"
EndProject
Project("{9A19103F-16F7-4668-BE54-9A1E7A4F7556}") = "EventBus", "EventBus\EventBus\EventBus.csproj", "{888D2E73-FEDC-431F-8403-6A353ED55B54}"
EndProject
Project("{2150E333-8FDC-42A3-9474-1A3956D46DE8}") = "Shared", "Shared", "{23368270-4285-45C7-9775-8F6D8D6A2A2D}"
EndProject
Project("{FAE04EC0-301F-11D3-BF4B-00C04F79EFBC}") = "Shared", "Shared\Shared\Shared.csproj", "{40EBC8AB-5806-410F-98B3-D1F5091FF2F5}"
EndProject
Global
	GlobalSection(SolutionConfigurationPlatforms) = preSolution
		Debug|Any CPU = Debug|Any CPU
		Release|Any CPU = Release|Any CPU
	EndGlobalSection
	GlobalSection(ProjectConfigurationPlatforms) = postSolution
		{B3C40F91-C581-4EC0-962C-5C96883CF970}.Debug|Any CPU.ActiveCfg = Debug|Any CPU
		{B3C40F91-C581-4EC0-962C-5C96883CF970}.Debug|Any CPU.Build.0 = Debug|Any CPU
		{B3C40F91-C581-4EC0-962C-5C96883CF970}.Release|Any CPU.ActiveCfg = Release|Any CPU
		{B3C40F91-C581-4EC0-962C-5C96883CF970}.Release|Any CPU.Build.0 = Release|Any CPU
		{D287E207-7D13-4DA0-B7F3-CB0AA59B9782}.Debug|Any CPU.ActiveCfg = Debug|Any CPU
		{D287E207-7D13-4DA0-B7F3-CB0AA59B9782}.Debug|Any CPU.Build.0 = Debug|Any CPU
		{D287E207-7D13-4DA0-B7F3-CB0AA59B9782}.Release|Any CPU.ActiveCfg = Release|Any CPU
		{D287E207-7D13-4DA0-B7F3-CB0AA59B9782}.Release|Any CPU.Build.0 = Release|Any CPU
		{6B8B64D0-0165-4B8D-93D5-230FAA52AAE6}.Debug|Any CPU.ActiveCfg = Debug|Any CPU
		{6B8B64D0-0165-4B8D-93D5-230FAA52AAE6}.Debug|Any CPU.Build.0 = Debug|Any CPU
		{6B8B64D0-0165-4B8D-93D5-230FAA52AAE6}.Release|Any CPU.ActiveCfg = Release|Any CPU
		{6B8B64D0-0165-4B8D-93D5-230FAA52AAE6}.Release|Any CPU.Build.0 = Release|Any CPU
		{4550D62C-9BE1-41EC-A8C8-BA820E226073}.Debug|Any CPU.ActiveCfg = Debug|Any CPU
		{4550D62C-9BE1-41EC-A8C8-BA820E226073}.Debug|Any CPU.Build.0 = Debug|Any CPU
		{4550D62C-9BE1-41EC-A8C8-BA820E226073}.Release|Any CPU.ActiveCfg = Release|Any CPU
		{4550D62C-9BE1-41EC-A8C8-BA820E226073}.Release|Any CPU.Build.0 = Release|Any CPU
		{A937D1ED-6B26-48FF-ACD3-02C05A9CC815}.Debug|Any CPU.ActiveCfg = Debug|Any CPU
		{A937D1ED-6B26-48FF-ACD3-02C05A9CC815}.Debug|Any CPU.Build.0 = Debug|Any CPU
		{A937D1ED-6B26-48FF-ACD3-02C05A9CC815}.Release|Any CPU.ActiveCfg = Release|Any CPU
		{A937D1ED-6B26-48FF-ACD3-02C05A9CC815}.Release|Any CPU.Build.0 = Release|Any CPU
		{84513F4B-F4F1-4FD5-81A4-13FBBF293D9C}.Debug|Any CPU.ActiveCfg = Debug|Any CPU
		{84513F4B-F4F1-4FD5-81A4-13FBBF293D9C}.Debug|Any CPU.Build.0 = Debug|Any CPU
		{84513F4B-F4F1-4FD5-81A4-13FBBF293D9C}.Release|Any CPU.ActiveCfg = Release|Any CPU
		{84513F4B-F4F1-4FD5-81A4-13FBBF293D9C}.Release|Any CPU.Build.0 = Release|Any CPU
		{D5A70032-3B50-457E-ABB8-AE626236C7AF}.Debug|Any CPU.ActiveCfg = Debug|Any CPU
		{D5A70032-3B50-457E-ABB8-AE626236C7AF}.Debug|Any CPU.Build.0 = Debug|Any CPU
		{D5A70032-3B50-457E-ABB8-AE626236C7AF}.Release|Any CPU.ActiveCfg = Release|Any CPU
		{D5A70032-3B50-457E-ABB8-AE626236C7AF}.Release|Any CPU.Build.0 = Release|Any CPU
		{61E05D0B-A048-4043-B35E-C48BC6BCCF9A}.Debug|Any CPU.ActiveCfg = Debug|Any CPU
		{61E05D0B-A048-4043-B35E-C48BC6BCCF9A}.Debug|Any CPU.Build.0 = Debug|Any CPU
		{61E05D0B-A048-4043-B35E-C48BC6BCCF9A}.Release|Any CPU.ActiveCfg = Release|Any CPU
		{61E05D0B-A048-4043-B35E-C48BC6BCCF9A}.Release|Any CPU.Build.0 = Release|Any CPU
		{EA19180D-D588-4810-A21B-80AFD8A9C0AC}.Debug|Any CPU.ActiveCfg = Debug|Any CPU
		{EA19180D-D588-4810-A21B-80AFD8A9C0AC}.Debug|Any CPU.Build.0 = Debug|Any CPU
		{EA19180D-D588-4810-A21B-80AFD8A9C0AC}.Release|Any CPU.ActiveCfg = Release|Any CPU
		{EA19180D-D588-4810-A21B-80AFD8A9C0AC}.Release|Any CPU.Build.0 = Release|Any CPU
		{F2326013-11EA-46E4-B8FE-2CCD6D906309}.Debug|Any CPU.ActiveCfg = Debug|Any CPU
		{F2326013-11EA-46E4-B8FE-2CCD6D906309}.Debug|Any CPU.Build.0 = Debug|Any CPU
		{F2326013-11EA-46E4-B8FE-2CCD6D906309}.Release|Any CPU.ActiveCfg = Release|Any CPU
		{F2326013-11EA-46E4-B8FE-2CCD6D906309}.Release|Any CPU.Build.0 = Release|Any CPU
		{3AA03822-6E25-4BEF-9EF0-8B5F3EE2443D}.Debug|Any CPU.ActiveCfg = Debug|Any CPU
		{3AA03822-6E25-4BEF-9EF0-8B5F3EE2443D}.Debug|Any CPU.Build.0 = Debug|Any CPU
		{3AA03822-6E25-4BEF-9EF0-8B5F3EE2443D}.Release|Any CPU.ActiveCfg = Release|Any CPU
		{3AA03822-6E25-4BEF-9EF0-8B5F3EE2443D}.Release|Any CPU.Build.0 = Release|Any CPU
		{FF6C62D1-4155-4891-A835-C9733920D572}.Debug|Any CPU.ActiveCfg = Debug|Any CPU
		{FF6C62D1-4155-4891-A835-C9733920D572}.Debug|Any CPU.Build.0 = Debug|Any CPU
		{FF6C62D1-4155-4891-A835-C9733920D572}.Release|Any CPU.ActiveCfg = Release|Any CPU
		{FF6C62D1-4155-4891-A835-C9733920D572}.Release|Any CPU.Build.0 = Release|Any CPU
		{52047743-F014-4082-81EB-6E57995D6810}.Debug|Any CPU.ActiveCfg = Debug|Any CPU
		{52047743-F014-4082-81EB-6E57995D6810}.Debug|Any CPU.Build.0 = Debug|Any CPU
		{52047743-F014-4082-81EB-6E57995D6810}.Release|Any CPU.ActiveCfg = Release|Any CPU
		{52047743-F014-4082-81EB-6E57995D6810}.Release|Any CPU.Build.0 = Release|Any CPU
		{888D2E73-FEDC-431F-8403-6A353ED55B54}.Debug|Any CPU.ActiveCfg = Debug|Any CPU
		{888D2E73-FEDC-431F-8403-6A353ED55B54}.Debug|Any CPU.Build.0 = Debug|Any CPU
		{888D2E73-FEDC-431F-8403-6A353ED55B54}.Release|Any CPU.ActiveCfg = Release|Any CPU
		{888D2E73-FEDC-431F-8403-6A353ED55B54}.Release|Any CPU.Build.0 = Release|Any CPU
		{40EBC8AB-5806-410F-98B3-D1F5091FF2F5}.Debug|Any CPU.ActiveCfg = Debug|Any CPU
		{40EBC8AB-5806-410F-98B3-D1F5091FF2F5}.Debug|Any CPU.Build.0 = Debug|Any CPU
		{40EBC8AB-5806-410F-98B3-D1F5091FF2F5}.Release|Any CPU.ActiveCfg = Release|Any CPU
		{40EBC8AB-5806-410F-98B3-D1F5091FF2F5}.Release|Any CPU.Build.0 = Release|Any CPU
	EndGlobalSection
	GlobalSection(SolutionProperties) = preSolution
		HideSolutionNode = FALSE
	EndGlobalSection
	GlobalSection(NestedProjects) = preSolution
		{7E240E08-FD35-48E2-B833-DAE30BA62465} = {6C118CB1-CBEC-4AAD-A851-3421EE3A51E4}
		{3D1FEE9F-3597-4DF6-BAD1-F5AC19B09AAB} = {7E240E08-FD35-48E2-B833-DAE30BA62465}
		{B3C40F91-C581-4EC0-962C-5C96883CF970} = {3D1FEE9F-3597-4DF6-BAD1-F5AC19B09AAB}
		{D287E207-7D13-4DA0-B7F3-CB0AA59B9782} = {3D1FEE9F-3597-4DF6-BAD1-F5AC19B09AAB}
		{6B8B64D0-0165-4B8D-93D5-230FAA52AAE6} = {3D1FEE9F-3597-4DF6-BAD1-F5AC19B09AAB}
		{4550D62C-9BE1-41EC-A8C8-BA820E226073} = {3D1FEE9F-3597-4DF6-BAD1-F5AC19B09AAB}
		{4D5207DB-C20C-4E31-AE24-CAE185076C65} = {7E240E08-FD35-48E2-B833-DAE30BA62465}
		{A937D1ED-6B26-48FF-ACD3-02C05A9CC815} = {4D5207DB-C20C-4E31-AE24-CAE185076C65}
		{84513F4B-F4F1-4FD5-81A4-13FBBF293D9C} = {4D5207DB-C20C-4E31-AE24-CAE185076C65}
		{D5A70032-3B50-457E-ABB8-AE626236C7AF} = {4D5207DB-C20C-4E31-AE24-CAE185076C65}
		{61E05D0B-A048-4043-B35E-C48BC6BCCF9A} = {4D5207DB-C20C-4E31-AE24-CAE185076C65}
		{2721DAFF-CF9F-465B-ABF4-DDC4D993A3E8} = {7E240E08-FD35-48E2-B833-DAE30BA62465}
		{EA19180D-D588-4810-A21B-80AFD8A9C0AC} = {2721DAFF-CF9F-465B-ABF4-DDC4D993A3E8}
		{F2326013-11EA-46E4-B8FE-2CCD6D906309} = {2721DAFF-CF9F-465B-ABF4-DDC4D993A3E8}
		{3AA03822-6E25-4BEF-9EF0-8B5F3EE2443D} = {2721DAFF-CF9F-465B-ABF4-DDC4D993A3E8}
		{FF6C62D1-4155-4891-A835-C9733920D572} = {2721DAFF-CF9F-465B-ABF4-DDC4D993A3E8}
		{1FA8EEDB-994E-415A-B5F2-344F576F465E} = {6C118CB1-CBEC-4AAD-A851-3421EE3A51E4}
		{888D2E73-FEDC-431F-8403-6A353ED55B54} = {1FA8EEDB-994E-415A-B5F2-344F576F465E}
		{23368270-4285-45C7-9775-8F6D8D6A2A2D} = {6C118CB1-CBEC-4AAD-A851-3421EE3A51E4}
		{40EBC8AB-5806-410F-98B3-D1F5091FF2F5} = {23368270-4285-45C7-9775-8F6D8D6A2A2D}
	EndGlobalSection
	GlobalSection(ExtensibilityGlobals) = postSolution
		SolutionGuid = {163932E2-5A0F-40E6-9DD8-8F417F54DDBF}
	EndGlobalSection
EndGlobal
